// !$*UTF8*$!
{
	archiveVersion = 1;
	classes = {
	};
	objectVersion = 77;
	objects = {

/* Begin PBXContainerItemProxy section */
		836B4AE32E5A31A600A2FD54 /* PBXContainerItemProxy */ = {
			isa = PBXContainerItemProxy;
			containerPortal = 836B4ACD2E5A31A400A2FD54 /* Project object */;
			proxyType = 1;
			remoteGlobalIDString = 836B4AD42E5A31A400A2FD54;
			remoteInfo = "MDI1-103-data-structures";
		};
		836B4AED2E5A31A600A2FD54 /* PBXContainerItemProxy */ = {
			isa = PBXContainerItemProxy;
			containerPortal = 836B4ACD2E5A31A400A2FD54 /* Project object */;
			proxyType = 1;
			remoteGlobalIDString = 836B4AD42E5A31A400A2FD54;
			remoteInfo = "MDI1-103-data-structures";
		};
/* End PBXContainerItemProxy section */

/* Begin PBXFileReference section */
		836B4AD52E5A31A400A2FD54 /* MDI1-103-data-structures.app */ = {isa = PBXFileReference; explicitFileType = wrapper.application; includeInIndex = 0; path = "MDI1-103-data-structures.app"; sourceTree = BUILT_PRODUCTS_DIR; };
		836B4AE22E5A31A600A2FD54 /* MDI1-103-data-structuresTests.xctest */ = {isa = PBXFileReference; explicitFileType = wrapper.cfbundle; includeInIndex = 0; path = "MDI1-103-data-structuresTests.xctest"; sourceTree = BUILT_PRODUCTS_DIR; };
		836B4AEC2E5A31A600A2FD54 /* MDI1-103-data-structuresUITests.xctest */ = {isa = PBXFileReference; explicitFileType = wrapper.cfbundle; includeInIndex = 0; path = "MDI1-103-data-structuresUITests.xctest"; sourceTree = BUILT_PRODUCTS_DIR; };
/* End PBXFileReference section */

/* Begin PBXFileSystemSynchronizedRootGroup section */
		836B4AD72E5A31A400A2FD54 /* MDI1-103-data-structures */ = {
			isa = PBXFileSystemSynchronizedRootGroup;
			path = "MDI1-103-data-structures";
			sourceTree = "<group>";
		};
		836B4AE52E5A31A600A2FD54 /* MDI1-103-data-structuresTests */ = {
			isa = PBXFileSystemSynchronizedRootGroup;
			path = "MDI1-103-data-structuresTests";
			sourceTree = "<group>";
		};
		836B4AEF2E5A31A600A2FD54 /* MDI1-103-data-structuresUITests */ = {
			isa = PBXFileSystemSynchronizedRootGroup;
			path = "MDI1-103-data-structuresUITests";
			sourceTree = "<group>";
		};
		836B4AFF2E5A31B600A2FD54 /* practices */ = {
			isa = PBXFileSystemSynchronizedRootGroup;
			path = practices;
			sourceTree = "<group>";
		};
/* End PBXFileSystemSynchronizedRootGroup section */

/* Begin PBXFrameworksBuildPhase section */
		836B4AD22E5A31A400A2FD54 /* Frameworks */ = {
			isa = PBXFrameworksBuildPhase;
			buildActionMask = 2147483647;
			files = (
			);
			runOnlyForDeploymentPostprocessing = 0;
		};
		836B4ADF2E5A31A600A2FD54 /* Frameworks */ = {
			isa = PBXFrameworksBuildPhase;
			buildActionMask = 2147483647;
			files = (
			);
			runOnlyForDeploymentPostprocessing = 0;
		};
		836B4AE92E5A31A600A2FD54 /* Frameworks */ = {
			isa = PBXFrameworksBuildPhase;
			buildActionMask = 2147483647;
			files = (
			);
			runOnlyForDeploymentPostprocessing = 0;
		};
/* End PBXFrameworksBuildPhase section */

/* Begin PBXGroup section */
		836B4ACC2E5A31A400A2FD54 = {
			isa = PBXGroup;
			children = (
				836B4AFF2E5A31B600A2FD54 /* practices */,
				836B4AD72E5A31A400A2FD54 /* MDI1-103-data-structures */,
				836B4AE52E5A31A600A2FD54 /* MDI1-103-data-structuresTests */,
				836B4AEF2E5A31A600A2FD54 /* MDI1-103-data-structuresUITests */,
				836B4AD62E5A31A400A2FD54 /* Products */,
			);
			sourceTree = "<group>";
		};
		836B4AD62E5A31A400A2FD54 /* Products */ = {
			isa = PBXGroup;
			children = (
				836B4AD52E5A31A400A2FD54 /* MDI1-103-data-structures.app */,
				836B4AE22E5A31A600A2FD54 /* MDI1-103-data-structuresTests.xctest */,
				836B4AEC2E5A31A600A2FD54 /* MDI1-103-data-structuresUITests.xctest */,
			);
			name = Products;
			sourceTree = "<group>";
		};
/* End PBXGroup section */

/* Begin PBXNativeTarget section */
		836B4AD42E5A31A400A2FD54 /* MDI1-103-data-structures */ = {
			isa = PBXNativeTarget;
			buildConfigurationList = 836B4AF62E5A31A600A2FD54 /* Build configuration list for PBXNativeTarget "MDI1-103-data-structures" */;
			buildPhases = (
				836B4AD12E5A31A400A2FD54 /* Sources */,
				836B4AD22E5A31A400A2FD54 /* Frameworks */,
				836B4AD32E5A31A400A2FD54 /* Resources */,
			);
			buildRules = (
			);
			dependencies = (
			);
			fileSystemSynchronizedGroups = (
				836B4AD72E5A31A400A2FD54 /* MDI1-103-data-structures */,
				836B4AFF2E5A31B600A2FD54 /* practices */,
			);
			name = "MDI1-103-data-structures";
			packageProductDependencies = (
			);
			productName = "MDI1-103-data-structures";
			productReference = 836B4AD52E5A31A400A2FD54 /* MDI1-103-data-structures.app */;
			productType = "com.apple.product-type.application";
		};
		836B4AE12E5A31A600A2FD54 /* MDI1-103-data-structuresTests */ = {
			isa = PBXNativeTarget;
			buildConfigurationList = 836B4AF92E5A31A600A2FD54 /* Build configuration list for PBXNativeTarget "MDI1-103-data-structuresTests" */;
			buildPhases = (
				836B4ADE2E5A31A600A2FD54 /* Sources */,
				836B4ADF2E5A31A600A2FD54 /* Frameworks */,
				836B4AE02E5A31A600A2FD54 /* Resources */,
			);
			buildRules = (
			);
			dependencies = (
				836B4AE42E5A31A600A2FD54 /* PBXTargetDependency */,
			);
			fileSystemSynchronizedGroups = (
				836B4AE52E5A31A600A2FD54 /* MDI1-103-data-structuresTests */,
			);
			name = "MDI1-103-data-structuresTests";
			packageProductDependencies = (
			);
			productName = "MDI1-103-data-structuresTests";
			productReference = 836B4AE22E5A31A600A2FD54 /* MDI1-103-data-structuresTests.xctest */;
			productType = "com.apple.product-type.bundle.unit-test";
		};
		836B4AEB2E5A31A600A2FD54 /* MDI1-103-data-structuresUITests */ = {
			isa = PBXNativeTarget;
			buildConfigurationList = 836B4AFC2E5A31A600A2FD54 /* Build configuration list for PBXNativeTarget "MDI1-103-data-structuresUITests" */;
			buildPhases = (
				836B4AE82E5A31A600A2FD54 /* Sources */,
				836B4AE92E5A31A600A2FD54 /* Frameworks */,
				836B4AEA2E5A31A600A2FD54 /* Resources */,
			);
			buildRules = (
			);
			dependencies = (
				836B4AEE2E5A31A600A2FD54 /* PBXTargetDependency */,
			);
			fileSystemSynchronizedGroups = (
				836B4AEF2E5A31A600A2FD54 /* MDI1-103-data-structuresUITests */,
			);
			name = "MDI1-103-data-structuresUITests";
			packageProductDependencies = (
			);
			productName = "MDI1-103-data-structuresUITests";
			productReference = 836B4AEC2E5A31A600A2FD54 /* MDI1-103-data-structuresUITests.xctest */;
			productType = "com.apple.product-type.bundle.ui-testing";
		};
/* End PBXNativeTarget section */

/* Begin PBXProject section */
		836B4ACD2E5A31A400A2FD54 /* Project object */ = {
			isa = PBXProject;
			attributes = {
				BuildIndependentTargetsInParallel = 1;
				LastSwiftUpdateCheck = 1640;
				LastUpgradeCheck = 1640;
				TargetAttributes = {
					836B4AD42E5A31A400A2FD54 = {
						CreatedOnToolsVersion = 16.4;
					};
					836B4AE12E5A31A600A2FD54 = {
						CreatedOnToolsVersion = 16.4;
						TestTargetID = 836B4AD42E5A31A400A2FD54;
					};
					836B4AEB2E5A31A600A2FD54 = {
						CreatedOnToolsVersion = 16.4;
						TestTargetID = 836B4AD42E5A31A400A2FD54;
					};
				};
			};
			buildConfigurationList = 836B4AD02E5A31A400A2FD54 /* Build configuration list for PBXProject "MDI1-103-data-structures" */;
			developmentRegion = en;
			hasScannedForEncodings = 0;
			knownRegions = (
				en,
				Base,
			);
			mainGroup = 836B4ACC2E5A31A400A2FD54;
			minimizedProjectReferenceProxies = 1;
			preferredProjectObjectVersion = 77;
			productRefGroup = 836B4AD62E5A31A400A2FD54 /* Products */;
			projectDirPath = "";
			projectRoot = "";
			targets = (
				836B4AD42E5A31A400A2FD54 /* MDI1-103-data-structures */,
				836B4AE12E5A31A600A2FD54 /* MDI1-103-data-structuresTests */,
				836B4AEB2E5A31A600A2FD54 /* MDI1-103-data-structuresUITests */,
			);
		};
/* End PBXProject section */

/* Begin PBXResourcesBuildPhase section */
		836B4AD32E5A31A400A2FD54 /* Resources */ = {
			isa = PBXResourcesBuildPhase;
			buildActionMask = 2147483647;
			files = (
			);
			runOnlyForDeploymentPostprocessing = 0;
		};
		836B4AE02E5A31A600A2FD54 /* Resources */ = {
			isa = PBXResourcesBuildPhase;
			buildActionMask = 2147483647;
			files = (
			);
			runOnlyForDeploymentPostprocessing = 0;
		};
		836B4AEA2E5A31A600A2FD54 /* Resources */ = {
			isa = PBXResourcesBuildPhase;
			buildActionMask = 2147483647;
			files = (
			);
			runOnlyForDeploymentPostprocessing = 0;
		};
/* End PBXResourcesBuildPhase section */

/* Begin PBXSourcesBuildPhase section */
		836B4AD12E5A31A400A2FD54 /* Sources */ = {
			isa = PBXSourcesBuildPhase;
			buildActionMask = 2147483647;
			files = (
			);
			runOnlyForDeploymentPostprocessing = 0;
		};
		836B4ADE2E5A31A600A2FD54 /* Sources */ = {
			isa = PBXSourcesBuildPhase;
			buildActionMask = 2147483647;
			files = (
			);
			runOnlyForDeploymentPostprocessing = 0;
		};
		836B4AE82E5A31A600A2FD54 /* Sources */ = {
			isa = PBXSourcesBuildPhase;
			buildActionMask = 2147483647;
			files = (
			);
			runOnlyForDeploymentPostprocessing = 0;
		};
/* End PBXSourcesBuildPhase section */

/* Begin PBXTargetDependency section */
		836B4AE42E5A31A600A2FD54 /* PBXTargetDependency */ = {
			isa = PBXTargetDependency;
			target = 836B4AD42E5A31A400A2FD54 /* MDI1-103-data-structures */;
			targetProxy = 836B4AE32E5A31A600A2FD54 /* PBXContainerItemProxy */;
		};
		836B4AEE2E5A31A600A2FD54 /* PBXTargetDependency */ = {
			isa = PBXTargetDependency;
			target = 836B4AD42E5A31A400A2FD54 /* MDI1-103-data-structures */;
			targetProxy = 836B4AED2E5A31A600A2FD54 /* PBXContainerItemProxy */;
		};
/* End PBXTargetDependency section */

/* Begin XCBuildConfiguration section */
		836B4AF42E5A31A600A2FD54 /* Debug */ = {
			isa = XCBuildConfiguration;
			buildSettings = {
				ALWAYS_SEARCH_USER_PATHS = NO;
				ASSETCATALOG_COMPILER_GENERATE_SWIFT_ASSET_SYMBOL_EXTENSIONS = YES;
				CLANG_ANALYZER_NONNULL = YES;
				CLANG_ANALYZER_NUMBER_OBJECT_CONVERSION = YES_AGGRESSIVE;
				CLANG_CXX_LANGUAGE_STANDARD = "gnu++20";
				CLANG_ENABLE_MODULES = YES;
				CLANG_ENABLE_OBJC_ARC = YES;
				CLANG_ENABLE_OBJC_WEAK = YES;
				CLANG_WARN_BLOCK_CAPTURE_AUTORELEASING = YES;
				CLANG_WARN_BOOL_CONVERSION = YES;
				CLANG_WARN_COMMA = YES;
				CLANG_WARN_CONSTANT_CONVERSION = YES;
				CLANG_WARN_DEPRECATED_OBJC_IMPLEMENTATIONS = YES;
				CLANG_WARN_DIRECT_OBJC_ISA_USAGE = YES_ERROR;
				CLANG_WARN_DOCUMENTATION_COMMENTS = YES;
				CLANG_WARN_EMPTY_BODY = YES;
				CLANG_WARN_ENUM_CONVERSION = YES;
				CLANG_WARN_INFINITE_RECURSION = YES;
				CLANG_WARN_INT_CONVERSION = YES;
				CLANG_WARN_NON_LITERAL_NULL_CONVERSION = YES;
				CLANG_WARN_OBJC_IMPLICIT_RETAIN_SELF = YES;
				CLANG_WARN_OBJC_LITERAL_CONVERSION = YES;
				CLANG_WARN_OBJC_ROOT_CLASS = YES_ERROR;
				CLANG_WARN_QUOTED_INCLUDE_IN_FRAMEWORK_HEADER = YES;
				CLANG_WARN_RANGE_LOOP_ANALYSIS = YES;
				CLANG_WARN_STRICT_PROTOTYPES = YES;
				CLANG_WARN_SUSPICIOUS_MOVE = YES;
				CLANG_WARN_UNGUARDED_AVAILABILITY = YES_AGGRESSIVE;
				CLANG_WARN_UNREACHABLE_CODE = YES;
				CLANG_WARN__DUPLICATE_METHOD_MATCH = YES;
				COPY_PHASE_STRIP = NO;
				DEBUG_INFORMATION_FORMAT = dwarf;
				ENABLE_STRICT_OBJC_MSGSEND = YES;
				ENABLE_TESTABILITY = YES;
				ENABLE_USER_SCRIPT_SANDBOXING = YES;
				GCC_C_LANGUAGE_STANDARD = gnu17;
				GCC_DYNAMIC_NO_PIC = NO;
				GCC_NO_COMMON_BLOCKS = YES;
				GCC_OPTIMIZATION_LEVEL = 0;
				GCC_PREPROCESSOR_DEFINITIONS = (
					"DEBUG=1",
					"$(inherited)",
				);
				GCC_WARN_64_TO_32_BIT_CONVERSION = YES;
				GCC_WARN_ABOUT_RETURN_TYPE = YES_ERROR;
				GCC_WARN_UNDECLARED_SELECTOR = YES;
				GCC_WARN_UNINITIALIZED_AUTOS = YES_AGGRESSIVE;
				GCC_WARN_UNUSED_FUNCTION = YES;
				GCC_WARN_UNUSED_VARIABLE = YES;
				IPHONEOS_DEPLOYMENT_TARGET = 18.5;
				LOCALIZATION_PREFERS_STRING_CATALOGS = YES;
				MTL_ENABLE_DEBUG_INFO = INCLUDE_SOURCE;
				MTL_FAST_MATH = YES;
				ONLY_ACTIVE_ARCH = YES;
				SDKROOT = iphoneos;
				SWIFT_ACTIVE_COMPILATION_CONDITIONS = "DEBUG $(inherited)";
				SWIFT_OPTIMIZATION_LEVEL = "-Onone";
			};
			name = Debug;
		};
		836B4AF52E5A31A600A2FD54 /* Release */ = {
			isa = XCBuildConfiguration;
			buildSettings = {
				ALWAYS_SEARCH_USER_PATHS = NO;
				ASSETCATALOG_COMPILER_GENERATE_SWIFT_ASSET_SYMBOL_EXTENSIONS = YES;
				CLANG_ANALYZER_NONNULL = YES;
				CLANG_ANALYZER_NUMBER_OBJECT_CONVERSION = YES_AGGRESSIVE;
				CLANG_CXX_LANGUAGE_STANDARD = "gnu++20";
				CLANG_ENABLE_MODULES = YES;
				CLANG_ENABLE_OBJC_ARC = YES;
				CLANG_ENABLE_OBJC_WEAK = YES;
				CLANG_WARN_BLOCK_CAPTURE_AUTORELEASING = YES;
				CLANG_WARN_BOOL_CONVERSION = YES;
				CLANG_WARN_COMMA = YES;
				CLANG_WARN_CONSTANT_CONVERSION = YES;
				CLANG_WARN_DEPRECATED_OBJC_IMPLEMENTATIONS = YES;
				CLANG_WARN_DIRECT_OBJC_ISA_USAGE = YES_ERROR;
				CLANG_WARN_DOCUMENTATION_COMMENTS = YES;
				CLANG_WARN_EMPTY_BODY = YES;
				CLANG_WARN_ENUM_CONVERSION = YES;
				CLANG_WARN_INFINITE_RECURSION = YES;
				CLANG_WARN_INT_CONVERSION = YES;
				CLANG_WARN_NON_LITERAL_NULL_CONVERSION = YES;
				CLANG_WARN_OBJC_IMPLICIT_RETAIN_SELF = YES;
				CLANG_WARN_OBJC_LITERAL_CONVERSION = YES;
				CLANG_WARN_OBJC_ROOT_CLASS = YES_ERROR;
				CLANG_WARN_QUOTED_INCLUDE_IN_FRAMEWORK_HEADER = YES;
				CLANG_WARN_RANGE_LOOP_ANALYSIS = YES;
				CLANG_WARN_STRICT_PROTOTYPES = YES;
				CLANG_WARN_SUSPICIOUS_MOVE = YES;
				CLANG_WARN_UNGUARDED_AVAILABILITY = YES_AGGRESSIVE;
				CLANG_WARN_UNREACHABLE_CODE = YES;
				CLANG_WARN__DUPLICATE_METHOD_MATCH = YES;
				COPY_PHASE_STRIP = NO;
				DEBUG_INFORMATION_FORMAT = "dwarf-with-dsym";
				ENABLE_NS_ASSERTIONS = NO;
				ENABLE_STRICT_OBJC_MSGSEND = YES;
				ENABLE_USER_SCRIPT_SANDBOXING = YES;
				GCC_C_LANGUAGE_STANDARD = gnu17;
				GCC_NO_COMMON_BLOCKS = YES;
				GCC_WARN_64_TO_32_BIT_CONVERSION = YES;
				GCC_WARN_ABOUT_RETURN_TYPE = YES_ERROR;
				GCC_WARN_UNDECLARED_SELECTOR = YES;
				GCC_WARN_UNINITIALIZED_AUTOS = YES_AGGRESSIVE;
				GCC_WARN_UNUSED_FUNCTION = YES;
				GCC_WARN_UNUSED_VARIABLE = YES;
				IPHONEOS_DEPLOYMENT_TARGET = 18.5;
				LOCALIZATION_PREFERS_STRING_CATALOGS = YES;
				MTL_ENABLE_DEBUG_INFO = NO;
				MTL_FAST_MATH = YES;
				SDKROOT = iphoneos;
				SWIFT_COMPILATION_MODE = wholemodule;
				VALIDATE_PRODUCT = YES;
			};
			name = Release;
		};
		836B4AF72E5A31A600A2FD54 /* Debug */ = {
			isa = XCBuildConfiguration;
			buildSettings = {
				ASSETCATALOG_COMPILER_APPICON_NAME = AppIcon;
				ASSETCATALOG_COMPILER_GLOBAL_ACCENT_COLOR_NAME = AccentColor;
				CODE_SIGN_STYLE = Automatic;
				CURRENT_PROJECT_VERSION = 1;
				ENABLE_PREVIEWS = YES;
				GENERATE_INFOPLIST_FILE = YES;
				INFOPLIST_KEY_UIApplicationSceneManifest_Generation = YES;
				INFOPLIST_KEY_UIApplicationSupportsIndirectInputEvents = YES;
				INFOPLIST_KEY_UILaunchScreen_Generation = YES;
				INFOPLIST_KEY_UISupportedInterfaceOrientations_iPad = "UIInterfaceOrientationPortrait UIInterfaceOrientationPortraitUpsideDown UIInterfaceOrientationLandscapeLeft UIInterfaceOrientationLandscapeRight";
				INFOPLIST_KEY_UISupportedInterfaceOrientations_iPhone = "UIInterfaceOrientationPortrait UIInterfaceOrientationLandscapeLeft UIInterfaceOrientationLandscapeRight";
				LD_RUNPATH_SEARCH_PATHS = (
					"$(inherited)",
					"@executable_path/Frameworks",
				);
				MARKETING_VERSION = 1.0;
				PRODUCT_BUNDLE_IDENTIFIER = "com.chris.MDI1-103-data-structures";
				PRODUCT_NAME = "$(TARGET_NAME)";
				SWIFT_EMIT_LOC_STRINGS = YES;
				SWIFT_VERSION = 5.0;
				TARGETED_DEVICE_FAMILY = "1,2";
			};
			name = Debug;
		};
		836B4AF82E5A31A600A2FD54 /* Release */ = {
			isa = XCBuildConfiguration;
			buildSettings = {
				ASSETCATALOG_COMPILER_APPICON_NAME = AppIcon;
				ASSETCATALOG_COMPILER_GLOBAL_ACCENT_COLOR_NAME = AccentColor;
				CODE_SIGN_STYLE = Automatic;
				CURRENT_PROJECT_VERSION = 1;
				ENABLE_PREVIEWS = YES;
				GENERATE_INFOPLIST_FILE = YES;
				INFOPLIST_KEY_UIApplicationSceneManifest_Generation = YES;
				INFOPLIST_KEY_UIApplicationSupportsIndirectInputEvents = YES;
				INFOPLIST_KEY_UILaunchScreen_Generation = YES;
				INFOPLIST_KEY_UISupportedInterfaceOrientations_iPad = "UIInterfaceOrientationPortrait UIInterfaceOrientationPortraitUpsideDown UIInterfaceOrientationLandscapeLeft UIInterfaceOrientationLandscapeRight";
				INFOPLIST_KEY_UISupportedInterfaceOrientations_iPhone = "UIInterfaceOrientationPortrait UIInterfaceOrientationLandscapeLeft UIInterfaceOrientationLandscapeRight";
				LD_RUNPATH_SEARCH_PATHS = (
					"$(inherited)",
					"@executable_path/Frameworks",
				);
				MARKETING_VERSION = 1.0;
				PRODUCT_BUNDLE_IDENTIFIER = "com.chris.MDI1-103-data-structures";
				PRODUCT_NAME = "$(TARGET_NAME)";
				SWIFT_EMIT_LOC_STRINGS = YES;
				SWIFT_VERSION = 5.0;
				TARGETED_DEVICE_FAMILY = "1,2";
			};
			name = Release;
		};
		836B4AFA2E5A31A600A2FD54 /* Debug */ = {
			isa = XCBuildConfiguration;
			buildSettings = {
				BUNDLE_LOADER = "$(TEST_HOST)";
				CODE_SIGN_STYLE = Automatic;
				CURRENT_PROJECT_VERSION = 1;
				GENERATE_INFOPLIST_FILE = YES;
				IPHONEOS_DEPLOYMENT_TARGET = 18.5;
				MARKETING_VERSION = 1.0;
				PRODUCT_BUNDLE_IDENTIFIER = "com.chris.MDI1-103-data-structuresTests";
				PRODUCT_NAME = "$(TARGET_NAME)";
				SWIFT_EMIT_LOC_STRINGS = NO;
				SWIFT_VERSION = 5.0;
				TARGETED_DEVICE_FAMILY = "1,2";
				TEST_HOST = "$(BUILT_PRODUCTS_DIR)/MDI1-103-data-structures.app/$(BUNDLE_EXECUTABLE_FOLDER_PATH)/MDI1-103-data-structures";
			};
			name = Debug;
		};
		836B4AFB2E5A31A600A2FD54 /* Release */ = {
			isa = XCBuildConfiguration;
			buildSettings = {
				BUNDLE_LOADER = "$(TEST_HOST)";
				CODE_SIGN_STYLE = Automatic;
				CURRENT_PROJECT_VERSION = 1;
				GENERATE_INFOPLIST_FILE = YES;
				IPHONEOS_DEPLOYMENT_TARGET = 18.5;
				MARKETING_VERSION = 1.0;
				PRODUCT_BUNDLE_IDENTIFIER = "com.chris.MDI1-103-data-structuresTests";
				PRODUCT_NAME = "$(TARGET_NAME)";
				SWIFT_EMIT_LOC_STRINGS = NO;
				SWIFT_VERSION = 5.0;
				TARGETED_DEVICE_FAMILY = "1,2";
				TEST_HOST = "$(BUILT_PRODUCTS_DIR)/MDI1-103-data-structures.app/$(BUNDLE_EXECUTABLE_FOLDER_PATH)/MDI1-103-data-structures";
			};
			name = Release;
		};
		836B4AFD2E5A31A600A2FD54 /* Debug */ = {
			isa = XCBuildConfiguration;
			buildSettings = {
				CODE_SIGN_STYLE = Automatic;
				CURRENT_PROJECT_VERSION = 1;
				GENERATE_INFOPLIST_FILE = YES;
				MARKETING_VERSION = 1.0;
				PRODUCT_BUNDLE_IDENTIFIER = "com.chris.MDI1-103-data-structuresUITests";
				PRODUCT_NAME = "$(TARGET_NAME)";
				SWIFT_EMIT_LOC_STRINGS = NO;
				SWIFT_VERSION = 5.0;
				TARGETED_DEVICE_FAMILY = "1,2";
				TEST_TARGET_NAME = "MDI1-103-data-structures";
			};
			name = Debug;
		};
		836B4AFE2E5A31A600A2FD54 /* Release */ = {
			isa = XCBuildConfiguration;
			buildSettings = {
				CODE_SIGN_STYLE = Automatic;
				CURRENT_PROJECT_VERSION = 1;
				GENERATE_INFOPLIST_FILE = YES;
				MARKETING_VERSION = 1.0;
				PRODUCT_BUNDLE_IDENTIFIER = "com.chris.MDI1-103-data-structuresUITests";
				PRODUCT_NAME = "$(TARGET_NAME)";
				SWIFT_EMIT_LOC_STRINGS = NO;
				SWIFT_VERSION = 5.0;
				TARGETED_DEVICE_FAMILY = "1,2";
				TEST_TARGET_NAME = "MDI1-103-data-structures";
			};
			name = Release;
		};
/* End XCBuildConfiguration section */

/* Begin XCConfigurationList section */
		836B4AD02E5A31A400A2FD54 /* Build configuration list for PBXProject "MDI1-103-data-structures" */ = {
			isa = XCConfigurationList;
			buildConfigurations = (
				836B4AF42E5A31A600A2FD54 /* Debug */,
				836B4AF52E5A31A600A2FD54 /* Release */,
			);
			defaultConfigurationIsVisible = 0;
			defaultConfigurationName = Release;
		};
		836B4AF62E5A31A600A2FD54 /* Build configuration list for PBXNativeTarget "MDI1-103-data-structures" */ = {
			isa = XCConfigurationList;
			buildConfigurations = (
				836B4AF72E5A31A600A2FD54 /* Debug */,
				836B4AF82E5A31A600A2FD54 /* Release */,
			);
			defaultConfigurationIsVisible = 0;
			defaultConfigurationName = Release;
		};
		836B4AF92E5A31A600A2FD54 /* Build configuration list for PBXNativeTarget "MDI1-103-data-structuresTests" */ = {
			isa = XCConfigurationList;
			buildConfigurations = (
				836B4AFA2E5A31A600A2FD54 /* Debug */,
				836B4AFB2E5A31A600A2FD54 /* Release */,
			);
			defaultConfigurationIsVisible = 0;
			defaultConfigurationName = Release;
		};
		836B4AFC2E5A31A600A2FD54 /* Build configuration list for PBXNativeTarget "MDI1-103-data-structuresUITests" */ = {
			isa = XCConfigurationList;
			buildConfigurations = (
				836B4AFD2E5A31A600A2FD54 /* Debug */,
				836B4AFE2E5A31A600A2FD54 /* Release */,
			);
			defaultConfigurationIsVisible = 0;
			defaultConfigurationName = Release;
		};
/* End XCConfigurationList section */
	};
	rootObject = 836B4ACD2E5A31A400A2FD54 /* Project object */;
}
